
Microsoft Visual Studio Solution File, Format Version 12.00
# Visual Studio Version 17
VisualStudioVersion = 17.14.36408.4 d17.14
MinimumVisualStudioVersion = 10.0.40219.1
Project("{FAE04EC0-301F-11D3-BF4B-00C04F79EFBC}") = "1", "1\1.csproj", "{DCFF5A5F-6A2D-46EE-85CD-985CF7697D2E}"
EndProject
Global
	GlobalSection(SolutionConfigurationPlatforms) = preSolution
		Debug|Any CPU = Debug|Any CPU
		Release|Any CPU = Release|Any CPU
	EndGlobalSection
	GlobalSection(ProjectConfigurationPlatforms) = postSolution
		{DCFF5A5F-6A2D-46EE-85CD-985CF7697D2E}.Debug|Any CPU.ActiveCfg = Debug|Any CPU
		{DCFF5A5F-6A2D-46EE-85CD-985CF7697D2E}.Debug|Any CPU.Build.0 = Debug|Any CPU
		{DCFF5A5F-6A2D-46EE-85CD-985CF7697D2E}.Release|Any CPU.ActiveCfg = Release|Any CPU
		{DCFF5A5F-6A2D-46EE-85CD-985CF7697D2E}.Release|Any CPU.Build.0 = Release|Any CPU
	EndGlobalSection
	GlobalSection(SolutionProperties) = preSolution
		HideSolutionNode = FALSE
	EndGlobalSection
	GlobalSection(ExtensibilityGlobals) = postSolution
		SolutionGuid = {84E5BE6B-DBEF-4C41-A99D-F2C589E10F35}
	EndGlobalSection
EndGlobal
